
Microsoft Visual Studio Solution File, Format Version 12.00
# Visual Studio Version 16
VisualStudioVersion = 16.0.31005.135
MinimumVisualStudioVersion = 10.0.40219.1
Project("{FAE04EC0-301F-11D3-BF4B-00C04F79EFBC}") = "AutoQuestionExtractor", "AutoQuestionExtractor.csproj", "{1FFA6A38-AF06-40DA-98CF-BA655CF38653}"
EndProject
Global
	GlobalSection(SolutionConfigurationPlatforms) = preSolution
		Debug|Any CPU = Debug|Any CPU
		Release|Any CPU = Release|Any CPU
	EndGlobalSection
	GlobalSection(ProjectConfigurationPlatforms) = postSolution
		{1FFA6A38-AF06-40DA-98CF-BA655CF38653}.Debug|Any CPU.ActiveCfg = Debug|Any CPU
		{1FFA6A38-AF06-40DA-98CF-BA655CF38653}.Debug|Any CPU.Build.0 = Debug|Any CPU
		{1FFA6A38-AF06-40DA-98CF-BA655CF38653}.Release|Any CPU.ActiveCfg = Release|Any CPU
		{1FFA6A38-AF06-40DA-98CF-BA655CF38653}.Release|Any CPU.Build.0 = Release|Any CPU
	EndGlobalSection
	GlobalSection(SolutionProperties) = preSolution
		HideSolutionNode = FALSE
	EndGlobalSection
	GlobalSection(ExtensibilityGlobals) = postSolution
		SolutionGuid = {474A35E7-BED2-4401-AFC9-FC6C50CC4F3E}
	EndGlobalSection
EndGlobal
